
Microsoft Visual Studio Solution File, Format Version 12.00
# Visual Studio Version 16
VisualStudioVersion = 16.0.29020.237
MinimumVisualStudioVersion = 10.0.40219.1
Project("{FAE04EC0-301F-11D3-BF4B-00C04F79EFBC}") = "role based authorization with angular", "role based authorization with angular\role based authorization with angular.csproj", "{6CE83BB9-6134-4B6C-966B-48FCC82B90E8}"
EndProject
Global
	GlobalSection(SolutionConfigurationPlatforms) = preSolution
		Debug|Any CPU = Debug|Any CPU
		Release|Any CPU = Release|Any CPU
	EndGlobalSection
	GlobalSection(ProjectConfigurationPlatforms) = postSolution
		{6CE83BB9-6134-4B6C-966B-48FCC82B90E8}.Debug|Any CPU.ActiveCfg = Debug|Any CPU
		{6CE83BB9-6134-4B6C-966B-48FCC82B90E8}.Debug|Any CPU.Build.0 = Debug|Any CPU
		{6CE83BB9-6134-4B6C-966B-48FCC82B90E8}.Release|Any CPU.ActiveCfg = Release|Any CPU
		{6CE83BB9-6134-4B6C-966B-48FCC82B90E8}.Release|Any CPU.Build.0 = Release|Any CPU
	EndGlobalSection
	GlobalSection(SolutionProperties) = preSolution
		HideSolutionNode = FALSE
	EndGlobalSection
	GlobalSection(ExtensibilityGlobals) = postSolution
		SolutionGuid = {DD0F4ED4-6D9D-4E5D-B402-4A6856219450}
	EndGlobalSection
EndGlobal
